
Microsoft Visual Studio Solution File, Format Version 12.00
# Visual Studio Version 16
VisualStudioVersion = 16.0.29503.13
MinimumVisualStudioVersion = 10.0.40219.1
Project("{9A19103F-16F7-4668-BE54-9A1E7A4F7556}") = "LAB-APIs", "LAB-APIs\LAB-APIs.csproj", "{A247FF3F-CCFC-4F2B-A447-2AF20E570EF1}"
EndProject
Project("{FAE04EC0-301F-11D3-BF4B-00C04F79EFBC}") = "SerieII-III", "SerieII-III\SerieII-III.csproj", "{D8DE552A-C6A6-4202-971F-C464518E756F}"
EndProject
Global
	GlobalSection(SolutionConfigurationPlatforms) = preSolution
		Debug|Any CPU = Debug|Any CPU
		Release|Any CPU = Release|Any CPU
	EndGlobalSection
	GlobalSection(ProjectConfigurationPlatforms) = postSolution
		{A247FF3F-CCFC-4F2B-A447-2AF20E570EF1}.Debug|Any CPU.ActiveCfg = Debug|Any CPU
		{A247FF3F-CCFC-4F2B-A447-2AF20E570EF1}.Debug|Any CPU.Build.0 = Debug|Any CPU
		{A247FF3F-CCFC-4F2B-A447-2AF20E570EF1}.Release|Any CPU.ActiveCfg = Release|Any CPU
		{A247FF3F-CCFC-4F2B-A447-2AF20E570EF1}.Release|Any CPU.Build.0 = Release|Any CPU
		{D8DE552A-C6A6-4202-971F-C464518E756F}.Debug|Any CPU.ActiveCfg = Debug|Any CPU
		{D8DE552A-C6A6-4202-971F-C464518E756F}.Debug|Any CPU.Build.0 = Debug|Any CPU
		{D8DE552A-C6A6-4202-971F-C464518E756F}.Release|Any CPU.ActiveCfg = Release|Any CPU
		{D8DE552A-C6A6-4202-971F-C464518E756F}.Release|Any CPU.Build.0 = Release|Any CPU
	EndGlobalSection
	GlobalSection(SolutionProperties) = preSolution
		HideSolutionNode = FALSE
	EndGlobalSection
	GlobalSection(ExtensibilityGlobals) = postSolution
		SolutionGuid = {B55AAC74-36DF-4090-96D7-21031EA14A7E}
	EndGlobalSection
EndGlobal
